
Microsoft Visual Studio Solution File, Format Version 12.00
# Visual Studio Version 17
VisualStudioVersion = 17.9.34622.214
MinimumVisualStudioVersion = 10.0.40219.1
Project("{2150E333-8FDC-42A3-9474-1A3956D46DE8}") = "Exercises", "Exercises", "{BF3584F3-2BE4-4480-8A71-458016B2FFF5}"
EndProject
Project("{9A19103F-16F7-4668-BE54-9A1E7A4F7556}") = "Ex_1", "Ex_1\Ex_1.csproj", "{DACAAE28-9AF2-417F-B622-E1177E617CA4}"
EndProject
Project("{2150E333-8FDC-42A3-9474-1A3956D46DE8}") = "Unit_1", "Unit_1", "{3250C33E-0B10-4DC8-BE88-BC0F62F0DDF3}"
EndProject
Project("{9A19103F-16F7-4668-BE54-9A1E7A4F7556}") = "Exercise_5_1_5", "Exercise_5_1_5\Exercise_5_1_5.csproj", "{3452FC56-65D9-4F3D-973B-DD5F2E7C714A}"
EndProject
Project("{9A19103F-16F7-4668-BE54-9A1E7A4F7556}") = "Exercise_5_1_6", "Exercise_5_1_6\Exercise_5_1_6.csproj", "{52A9E58B-7BF4-4905-A2B8-41151AEE571E}"
EndProject
Project("{2150E333-8FDC-42A3-9474-1A3956D46DE8}") = "Unit_2", "Unit_2", "{480A45CA-7140-4F61-AF5E-6D50FFDE3CCB}"
EndProject
Project("{9A19103F-16F7-4668-BE54-9A1E7A4F7556}") = "Exercise_5_2_2", "Exercise_5_2_2\Exercise_5_2_2.csproj", "{611601D9-0BA7-41B5-977A-915F44C23748}"
EndProject
Project("{9A19103F-16F7-4668-BE54-9A1E7A4F7556}") = "Exercise_5_2_8", "Exercise_5_2_8\Exercise_5_2_8.csproj", "{870C2DBC-1939-49D3-9295-47B0F7BB29FC}"
EndProject
Project("{9A19103F-16F7-4668-BE54-9A1E7A4F7556}") = "Exercise_5_2_14", "Exercise_5_2_14\Exercise_5_2_14.csproj", "{2487D33D-F2BB-4606-A1BD-63E7E0A35499}"
EndProject
Project("{9A19103F-16F7-4668-BE54-9A1E7A4F7556}") = "Exercise_5_2_15", "Exercise_5_2_15\Exercise_5_2_15.csproj", "{ED967D76-6BC3-492D-80DA-2FAA66A95028}"
EndProject
Project("{9A19103F-16F7-4668-BE54-9A1E7A4F7556}") = "Exercise_5_2_17", "Exercise_5_2_17\Exercise_5_2_17.csproj", "{D6DA722C-E5A6-4BAF-AEDE-801A26ED5694}"
EndProject
Project("{9A19103F-16F7-4668-BE54-9A1E7A4F7556}") = "Exercise_5_2_18", "Exercise_5_2_18\Exercise_5_2_18.csproj", "{6CFC137D-EC60-44D3-B1E1-98A8B936AE44}"
EndProject
Project("{2150E333-8FDC-42A3-9474-1A3956D46DE8}") = "Unit_3", "Unit_3", "{DFAE8C10-66C7-49CB-B6BE-24AE47A1F5BD}"
EndProject
Project("{FAE04EC0-301F-11D3-BF4B-00C04F79EFBC}") = "Exercise_5_3_0", "Exercise_5_3_0\Exercise_5_3_0.csproj", "{51EABB92-79BF-48DD-9AB7-9E92B3436402}"
EndProject
Project("{FAE04EC0-301F-11D3-BF4B-00C04F79EFBC}") = "Exercise_5_3_1", "Exercise_5_3_1\Exercise_5_3_1.csproj", "{16B255D2-A1D8-4DA5-AEFB-223E567E4D5C}"
EndProject
Project("{FAE04EC0-301F-11D3-BF4B-00C04F79EFBC}") = "Exercise_5_3_3", "Exercise_5_3_3\Exercise_5_3_3.csproj", "{68108D51-189E-42E8-A008-A910DDD508FD}"
EndProject
Project("{FAE04EC0-301F-11D3-BF4B-00C04F79EFBC}") = "Exercise_5_3_5", "Exercise_5_3_5\Exercise_5_3_5.csproj", "{343C9F77-79B8-4B92-B49B-8F806643EF9C}"
EndProject
Project("{FAE04EC0-301F-11D3-BF4B-00C04F79EFBC}") = "Exercise_5_3_6", "Exercise_5_3_6\Exercise_5_3_6.csproj", "{6FF3E891-588B-4A10-A08E-3C13278626FB}"
EndProject
Project("{FAE04EC0-301F-11D3-BF4B-00C04F79EFBC}") = "Exercise_5_3_8", "Exercise_5_3_8\Exercise_5_3_8.csproj", "{80A75B91-3670-4A80-A3C1-778E1A84AB1F}"
EndProject
Project("{FAE04EC0-301F-11D3-BF4B-00C04F79EFBC}") = "Exercise_5_3_13", "Exercise_5_3_13\Exercise_5_3_13.csproj", "{66CF5A1E-9075-489E-AFEC-4814FB143669}"
EndProject
Project("{2150E333-8FDC-42A3-9474-1A3956D46DE8}") = "Unit_5", "Unit_5", "{3982883E-9213-419B-AD2B-0B6E5C0FF3DD}"
EndProject
Project("{FAE04EC0-301F-11D3-BF4B-00C04F79EFBC}") = "Unit_5_5_0", "Unit_5_5_0\Unit_5_5_0.csproj", "{11724BFF-E05A-4AF6-8725-011B08810C74}"
EndProject
Project("{FAE04EC0-301F-11D3-BF4B-00C04F79EFBC}") = "Exercise_5_5_1", "Exercise_5_5_1\Exercise_5_5_1.csproj", "{C4AA859F-54F1-4C4D-A122-FA96AB0280B3}"
EndProject
Global
	GlobalSection(SolutionConfigurationPlatforms) = preSolution
		Debug|Any CPU = Debug|Any CPU
		Release|Any CPU = Release|Any CPU
	EndGlobalSection
	GlobalSection(ProjectConfigurationPlatforms) = postSolution
		{DACAAE28-9AF2-417F-B622-E1177E617CA4}.Debug|Any CPU.ActiveCfg = Debug|Any CPU
		{DACAAE28-9AF2-417F-B622-E1177E617CA4}.Debug|Any CPU.Build.0 = Debug|Any CPU
		{DACAAE28-9AF2-417F-B622-E1177E617CA4}.Release|Any CPU.ActiveCfg = Release|Any CPU
		{DACAAE28-9AF2-417F-B622-E1177E617CA4}.Release|Any CPU.Build.0 = Release|Any CPU
		{3452FC56-65D9-4F3D-973B-DD5F2E7C714A}.Debug|Any CPU.ActiveCfg = Debug|Any CPU
		{3452FC56-65D9-4F3D-973B-DD5F2E7C714A}.Debug|Any CPU.Build.0 = Debug|Any CPU
		{3452FC56-65D9-4F3D-973B-DD5F2E7C714A}.Release|Any CPU.ActiveCfg = Release|Any CPU
		{3452FC56-65D9-4F3D-973B-DD5F2E7C714A}.Release|Any CPU.Build.0 = Release|Any CPU
		{52A9E58B-7BF4-4905-A2B8-41151AEE571E}.Debug|Any CPU.ActiveCfg = Debug|Any CPU
		{52A9E58B-7BF4-4905-A2B8-41151AEE571E}.Debug|Any CPU.Build.0 = Debug|Any CPU
		{52A9E58B-7BF4-4905-A2B8-41151AEE571E}.Release|Any CPU.ActiveCfg = Release|Any CPU
		{52A9E58B-7BF4-4905-A2B8-41151AEE571E}.Release|Any CPU.Build.0 = Release|Any CPU
		{611601D9-0BA7-41B5-977A-915F44C23748}.Debug|Any CPU.ActiveCfg = Debug|Any CPU
		{611601D9-0BA7-41B5-977A-915F44C23748}.Debug|Any CPU.Build.0 = Debug|Any CPU
		{611601D9-0BA7-41B5-977A-915F44C23748}.Release|Any CPU.ActiveCfg = Release|Any CPU
		{611601D9-0BA7-41B5-977A-915F44C23748}.Release|Any CPU.Build.0 = Release|Any CPU
		{870C2DBC-1939-49D3-9295-47B0F7BB29FC}.Debug|Any CPU.ActiveCfg = Debug|Any CPU
		{870C2DBC-1939-49D3-9295-47B0F7BB29FC}.Debug|Any CPU.Build.0 = Debug|Any CPU
		{870C2DBC-1939-49D3-9295-47B0F7BB29FC}.Release|Any CPU.ActiveCfg = Release|Any CPU
		{870C2DBC-1939-49D3-9295-47B0F7BB29FC}.Release|Any CPU.Build.0 = Release|Any CPU
		{2487D33D-F2BB-4606-A1BD-63E7E0A35499}.Debug|Any CPU.ActiveCfg = Debug|Any CPU
		{2487D33D-F2BB-4606-A1BD-63E7E0A35499}.Debug|Any CPU.Build.0 = Debug|Any CPU
		{2487D33D-F2BB-4606-A1BD-63E7E0A35499}.Release|Any CPU.ActiveCfg = Release|Any CPU
		{2487D33D-F2BB-4606-A1BD-63E7E0A35499}.Release|Any CPU.Build.0 = Release|Any CPU
		{ED967D76-6BC3-492D-80DA-2FAA66A95028}.Debug|Any CPU.ActiveCfg = Debug|Any CPU
		{ED967D76-6BC3-492D-80DA-2FAA66A95028}.Debug|Any CPU.Build.0 = Debug|Any CPU
		{ED967D76-6BC3-492D-80DA-2FAA66A95028}.Release|Any CPU.ActiveCfg = Release|Any CPU
		{ED967D76-6BC3-492D-80DA-2FAA66A95028}.Release|Any CPU.Build.0 = Release|Any CPU
		{D6DA722C-E5A6-4BAF-AEDE-801A26ED5694}.Debug|Any CPU.ActiveCfg = Debug|Any CPU
		{D6DA722C-E5A6-4BAF-AEDE-801A26ED5694}.Debug|Any CPU.Build.0 = Debug|Any CPU
		{D6DA722C-E5A6-4BAF-AEDE-801A26ED5694}.Release|Any CPU.ActiveCfg = Release|Any CPU
		{D6DA722C-E5A6-4BAF-AEDE-801A26ED5694}.Release|Any CPU.Build.0 = Release|Any CPU
		{6CFC137D-EC60-44D3-B1E1-98A8B936AE44}.Debug|Any CPU.ActiveCfg = Debug|Any CPU
		{6CFC137D-EC60-44D3-B1E1-98A8B936AE44}.Debug|Any CPU.Build.0 = Debug|Any CPU
		{6CFC137D-EC60-44D3-B1E1-98A8B936AE44}.Release|Any CPU.ActiveCfg = Release|Any CPU
		{6CFC137D-EC60-44D3-B1E1-98A8B936AE44}.Release|Any CPU.Build.0 = Release|Any CPU
		{51EABB92-79BF-48DD-9AB7-9E92B3436402}.Debug|Any CPU.ActiveCfg = Debug|Any CPU
		{51EABB92-79BF-48DD-9AB7-9E92B3436402}.Debug|Any CPU.Build.0 = Debug|Any CPU
		{51EABB92-79BF-48DD-9AB7-9E92B3436402}.Release|Any CPU.ActiveCfg = Release|Any CPU
		{51EABB92-79BF-48DD-9AB7-9E92B3436402}.Release|Any CPU.Build.0 = Release|Any CPU
		{16B255D2-A1D8-4DA5-AEFB-223E567E4D5C}.Debug|Any CPU.ActiveCfg = Debug|Any CPU
		{16B255D2-A1D8-4DA5-AEFB-223E567E4D5C}.Debug|Any CPU.Build.0 = Debug|Any CPU
		{16B255D2-A1D8-4DA5-AEFB-223E567E4D5C}.Release|Any CPU.ActiveCfg = Release|Any CPU
		{16B255D2-A1D8-4DA5-AEFB-223E567E4D5C}.Release|Any CPU.Build.0 = Release|Any CPU
		{68108D51-189E-42E8-A008-A910DDD508FD}.Debug|Any CPU.ActiveCfg = Debug|Any CPU
		{68108D51-189E-42E8-A008-A910DDD508FD}.Debug|Any CPU.Build.0 = Debug|Any CPU
		{68108D51-189E-42E8-A008-A910DDD508FD}.Release|Any CPU.ActiveCfg = Release|Any CPU
		{68108D51-189E-42E8-A008-A910DDD508FD}.Release|Any CPU.Build.0 = Release|Any CPU
		{343C9F77-79B8-4B92-B49B-8F806643EF9C}.Debug|Any CPU.ActiveCfg = Debug|Any CPU
		{343C9F77-79B8-4B92-B49B-8F806643EF9C}.Debug|Any CPU.Build.0 = Debug|Any CPU
		{343C9F77-79B8-4B92-B49B-8F806643EF9C}.Release|Any CPU.ActiveCfg = Release|Any CPU
		{343C9F77-79B8-4B92-B49B-8F806643EF9C}.Release|Any CPU.Build.0 = Release|Any CPU
		{6FF3E891-588B-4A10-A08E-3C13278626FB}.Debug|Any CPU.ActiveCfg = Debug|Any CPU
		{6FF3E891-588B-4A10-A08E-3C13278626FB}.Debug|Any CPU.Build.0 = Debug|Any CPU
		{6FF3E891-588B-4A10-A08E-3C13278626FB}.Release|Any CPU.ActiveCfg = Release|Any CPU
		{6FF3E891-588B-4A10-A08E-3C13278626FB}.Release|Any CPU.Build.0 = Release|Any CPU
		{80A75B91-3670-4A80-A3C1-778E1A84AB1F}.Debug|Any CPU.ActiveCfg = Debug|Any CPU
		{80A75B91-3670-4A80-A3C1-778E1A84AB1F}.Debug|Any CPU.Build.0 = Debug|Any CPU
		{80A75B91-3670-4A80-A3C1-778E1A84AB1F}.Release|Any CPU.ActiveCfg = Release|Any CPU
		{80A75B91-3670-4A80-A3C1-778E1A84AB1F}.Release|Any CPU.Build.0 = Release|Any CPU
		{66CF5A1E-9075-489E-AFEC-4814FB143669}.Debug|Any CPU.ActiveCfg = Debug|Any CPU
		{66CF5A1E-9075-489E-AFEC-4814FB143669}.Debug|Any CPU.Build.0 = Debug|Any CPU
		{66CF5A1E-9075-489E-AFEC-4814FB143669}.Release|Any CPU.ActiveCfg = Release|Any CPU
		{66CF5A1E-9075-489E-AFEC-4814FB143669}.Release|Any CPU.Build.0 = Release|Any CPU
		{11724BFF-E05A-4AF6-8725-011B08810C74}.Debug|Any CPU.ActiveCfg = Debug|Any CPU
		{11724BFF-E05A-4AF6-8725-011B08810C74}.Debug|Any CPU.Build.0 = Debug|Any CPU
		{11724BFF-E05A-4AF6-8725-011B08810C74}.Release|Any CPU.ActiveCfg = Release|Any CPU
		{11724BFF-E05A-4AF6-8725-011B08810C74}.Release|Any CPU.Build.0 = Release|Any CPU
		{C4AA859F-54F1-4C4D-A122-FA96AB0280B3}.Debug|Any CPU.ActiveCfg = Debug|Any CPU
		{C4AA859F-54F1-4C4D-A122-FA96AB0280B3}.Debug|Any CPU.Build.0 = Debug|Any CPU
		{C4AA859F-54F1-4C4D-A122-FA96AB0280B3}.Release|Any CPU.ActiveCfg = Release|Any CPU
		{C4AA859F-54F1-4C4D-A122-FA96AB0280B3}.Release|Any CPU.Build.0 = Release|Any CPU
	EndGlobalSection
	GlobalSection(SolutionProperties) = preSolution
		HideSolutionNode = FALSE
	EndGlobalSection
	GlobalSection(NestedProjects) = preSolution
		{DACAAE28-9AF2-417F-B622-E1177E617CA4} = {BF3584F3-2BE4-4480-8A71-458016B2FFF5}
		{3452FC56-65D9-4F3D-973B-DD5F2E7C714A} = {3250C33E-0B10-4DC8-BE88-BC0F62F0DDF3}
		{52A9E58B-7BF4-4905-A2B8-41151AEE571E} = {3250C33E-0B10-4DC8-BE88-BC0F62F0DDF3}
		{611601D9-0BA7-41B5-977A-915F44C23748} = {480A45CA-7140-4F61-AF5E-6D50FFDE3CCB}
		{870C2DBC-1939-49D3-9295-47B0F7BB29FC} = {480A45CA-7140-4F61-AF5E-6D50FFDE3CCB}
		{2487D33D-F2BB-4606-A1BD-63E7E0A35499} = {480A45CA-7140-4F61-AF5E-6D50FFDE3CCB}
		{ED967D76-6BC3-492D-80DA-2FAA66A95028} = {480A45CA-7140-4F61-AF5E-6D50FFDE3CCB}
		{D6DA722C-E5A6-4BAF-AEDE-801A26ED5694} = {480A45CA-7140-4F61-AF5E-6D50FFDE3CCB}
		{6CFC137D-EC60-44D3-B1E1-98A8B936AE44} = {480A45CA-7140-4F61-AF5E-6D50FFDE3CCB}
		{51EABB92-79BF-48DD-9AB7-9E92B3436402} = {DFAE8C10-66C7-49CB-B6BE-24AE47A1F5BD}
		{16B255D2-A1D8-4DA5-AEFB-223E567E4D5C} = {DFAE8C10-66C7-49CB-B6BE-24AE47A1F5BD}
		{68108D51-189E-42E8-A008-A910DDD508FD} = {DFAE8C10-66C7-49CB-B6BE-24AE47A1F5BD}
		{343C9F77-79B8-4B92-B49B-8F806643EF9C} = {DFAE8C10-66C7-49CB-B6BE-24AE47A1F5BD}
		{6FF3E891-588B-4A10-A08E-3C13278626FB} = {DFAE8C10-66C7-49CB-B6BE-24AE47A1F5BD}
		{80A75B91-3670-4A80-A3C1-778E1A84AB1F} = {DFAE8C10-66C7-49CB-B6BE-24AE47A1F5BD}
		{66CF5A1E-9075-489E-AFEC-4814FB143669} = {DFAE8C10-66C7-49CB-B6BE-24AE47A1F5BD}
		{11724BFF-E05A-4AF6-8725-011B08810C74} = {3982883E-9213-419B-AD2B-0B6E5C0FF3DD}
		{C4AA859F-54F1-4C4D-A122-FA96AB0280B3} = {3982883E-9213-419B-AD2B-0B6E5C0FF3DD}
	EndGlobalSection
	GlobalSection(ExtensibilityGlobals) = postSolution
		SolutionGuid = {3F317CCA-D43B-4558-90A6-DC760BB54D0A}
	EndGlobalSection
EndGlobal
